
Microsoft Visual Studio Solution File, Format Version 12.00
# Visual Studio 15
VisualStudioVersion = 15.0.28010.2003
MinimumVisualStudioVersion = 10.0.40219.1
Project("{FAE04EC0-301F-11D3-BF4B-00C04F79EFBC}") = "IpgwCore", "IpgwCore\IpgwCore.csproj", "{DA8DDB4B-727F-4D7A-A455-57EA0C1E2386}"
EndProject
Global
	GlobalSection(SolutionConfigurationPlatforms) = preSolution
		Debug|Any CPU = Debug|Any CPU
		Release|Any CPU = Release|Any CPU
	EndGlobalSection
	GlobalSection(ProjectConfigurationPlatforms) = postSolution
		{DA8DDB4B-727F-4D7A-A455-57EA0C1E2386}.Debug|Any CPU.ActiveCfg = Debug|Any CPU
		{DA8DDB4B-727F-4D7A-A455-57EA0C1E2386}.Debug|Any CPU.Build.0 = Debug|Any CPU
		{DA8DDB4B-727F-4D7A-A455-57EA0C1E2386}.Release|Any CPU.ActiveCfg = Release|Any CPU
		{DA8DDB4B-727F-4D7A-A455-57EA0C1E2386}.Release|Any CPU.Build.0 = Release|Any CPU
	EndGlobalSection
	GlobalSection(SolutionProperties) = preSolution
		HideSolutionNode = FALSE
	EndGlobalSection
	GlobalSection(ExtensibilityGlobals) = postSolution
		SolutionGuid = {867C9F2C-2343-4895-89AE-114DA2674814}
	EndGlobalSection
EndGlobal
